
Microsoft Visual Studio Solution File, Format Version 12.00
# Visual Studio 14
VisualStudioVersion = 14.0.25420.1
MinimumVisualStudioVersion = 10.0.40219.1
Project("{FAE04EC0-301F-11D3-BF4B-00C04F79EFBC}") = "GUITestFriendly", "GUITestFriendly\GUITestFriendly.csproj", "{C625CFA1-550B-4B88-A799-18DB4EAB7130}"
EndProject
Project("{FAE04EC0-301F-11D3-BF4B-00C04F79EFBC}") = "GUITestFriendly_MsTest", "GUITestFriendly_MsTest\GUITestFriendly_MsTest.csproj", "{E76703EF-DA05-4632-A7A1-03691E44B223}"
EndProject
Project("{FAE04EC0-301F-11D3-BF4B-00C04F79EFBC}") = "GUITestFriendly_NunitTest", "GUITestFriendly_NunitTest\GUITestFriendly_NunitTest.csproj", "{AA2051E6-8753-471D-863C-9F04CF6818BF}"
EndProject
Global
	GlobalSection(SolutionConfigurationPlatforms) = preSolution
		Debug|Any CPU = Debug|Any CPU
		Debug|x86 = Debug|x86
		Release|Any CPU = Release|Any CPU
		Release|x86 = Release|x86
	EndGlobalSection
	GlobalSection(ProjectConfigurationPlatforms) = postSolution
		{C625CFA1-550B-4B88-A799-18DB4EAB7130}.Debug|Any CPU.ActiveCfg = Debug|x86
		{C625CFA1-550B-4B88-A799-18DB4EAB7130}.Debug|x86.ActiveCfg = Debug|x86
		{C625CFA1-550B-4B88-A799-18DB4EAB7130}.Debug|x86.Build.0 = Debug|x86
		{C625CFA1-550B-4B88-A799-18DB4EAB7130}.Release|Any CPU.ActiveCfg = Release|x86
		{C625CFA1-550B-4B88-A799-18DB4EAB7130}.Release|x86.ActiveCfg = Release|x86
		{C625CFA1-550B-4B88-A799-18DB4EAB7130}.Release|x86.Build.0 = Release|x86
		{E76703EF-DA05-4632-A7A1-03691E44B223}.Debug|Any CPU.ActiveCfg = Debug|Any CPU
		{E76703EF-DA05-4632-A7A1-03691E44B223}.Debug|Any CPU.Build.0 = Debug|Any CPU
		{E76703EF-DA05-4632-A7A1-03691E44B223}.Debug|x86.ActiveCfg = Debug|Any CPU
		{E76703EF-DA05-4632-A7A1-03691E44B223}.Debug|x86.Build.0 = Debug|Any CPU
		{E76703EF-DA05-4632-A7A1-03691E44B223}.Release|Any CPU.ActiveCfg = Release|Any CPU
		{E76703EF-DA05-4632-A7A1-03691E44B223}.Release|Any CPU.Build.0 = Release|Any CPU
		{E76703EF-DA05-4632-A7A1-03691E44B223}.Release|x86.ActiveCfg = Release|Any CPU
		{E76703EF-DA05-4632-A7A1-03691E44B223}.Release|x86.Build.0 = Release|Any CPU
		{AA2051E6-8753-471D-863C-9F04CF6818BF}.Debug|Any CPU.ActiveCfg = Debug|Any CPU
		{AA2051E6-8753-471D-863C-9F04CF6818BF}.Debug|Any CPU.Build.0 = Debug|Any CPU
		{AA2051E6-8753-471D-863C-9F04CF6818BF}.Debug|x86.ActiveCfg = Debug|Any CPU
		{AA2051E6-8753-471D-863C-9F04CF6818BF}.Debug|x86.Build.0 = Debug|Any CPU
		{AA2051E6-8753-471D-863C-9F04CF6818BF}.Release|Any CPU.ActiveCfg = Release|Any CPU
		{AA2051E6-8753-471D-863C-9F04CF6818BF}.Release|Any CPU.Build.0 = Release|Any CPU
		{AA2051E6-8753-471D-863C-9F04CF6818BF}.Release|x86.ActiveCfg = Release|Any CPU
		{AA2051E6-8753-471D-863C-9F04CF6818BF}.Release|x86.Build.0 = Release|Any CPU
	EndGlobalSection
	GlobalSection(SolutionProperties) = preSolution
		HideSolutionNode = FALSE
	EndGlobalSection
EndGlobal
